
Microsoft Visual Studio Solution File, Format Version 12.00
# Visual Studio Version 17
VisualStudioVersion = 17.10.35013.160
MinimumVisualStudioVersion = 10.0.40219.1
Project("{FAE04EC0-301F-11D3-BF4B-00C04F79EFBC}") = "App01_CEP.Android", "App01_CEP\App01_CEP.Android\App01_CEP.Android.csproj", "{1BC43E97-2E8C-4265-B71C-F3AA3F310691}"
EndProject
Project("{FAE04EC0-301F-11D3-BF4B-00C04F79EFBC}") = "App01_CEP.iOS", "App01_CEP\App01_CEP.iOS\App01_CEP.iOS.csproj", "{1565C49D-D729-4B7C-B659-A97191D9E4C1}"
EndProject
Project("{FAE04EC0-301F-11D3-BF4B-00C04F79EFBC}") = "App01_CEP", "App01_CEP\App01_CEP\App01_CEP.csproj", "{770D9660-3F70-40B8-8B2C-B6E546625A61}"
EndProject
Global
	GlobalSection(SolutionConfigurationPlatforms) = preSolution
		Debug|Any CPU = Debug|Any CPU
		Debug|iPhone = Debug|iPhone
		Debug|iPhoneSimulator = Debug|iPhoneSimulator
		Release|Any CPU = Release|Any CPU
		Release|iPhone = Release|iPhone
		Release|iPhoneSimulator = Release|iPhoneSimulator
	EndGlobalSection
	GlobalSection(ProjectConfigurationPlatforms) = postSolution
		{1BC43E97-2E8C-4265-B71C-F3AA3F310691}.Debug|Any CPU.ActiveCfg = Debug|Any CPU
		{1BC43E97-2E8C-4265-B71C-F3AA3F310691}.Debug|Any CPU.Build.0 = Debug|Any CPU
		{1BC43E97-2E8C-4265-B71C-F3AA3F310691}.Debug|Any CPU.Deploy.0 = Debug|Any CPU
		{1BC43E97-2E8C-4265-B71C-F3AA3F310691}.Debug|iPhone.ActiveCfg = Debug|Any CPU
		{1BC43E97-2E8C-4265-B71C-F3AA3F310691}.Debug|iPhone.Build.0 = Debug|Any CPU
		{1BC43E97-2E8C-4265-B71C-F3AA3F310691}.Debug|iPhone.Deploy.0 = Debug|Any CPU
		{1BC43E97-2E8C-4265-B71C-F3AA3F310691}.Debug|iPhoneSimulator.ActiveCfg = Debug|Any CPU
		{1BC43E97-2E8C-4265-B71C-F3AA3F310691}.Debug|iPhoneSimulator.Build.0 = Debug|Any CPU
		{1BC43E97-2E8C-4265-B71C-F3AA3F310691}.Debug|iPhoneSimulator.Deploy.0 = Debug|Any CPU
		{1BC43E97-2E8C-4265-B71C-F3AA3F310691}.Release|Any CPU.ActiveCfg = Release|Any CPU
		{1BC43E97-2E8C-4265-B71C-F3AA3F310691}.Release|Any CPU.Build.0 = Release|Any CPU
		{1BC43E97-2E8C-4265-B71C-F3AA3F310691}.Release|Any CPU.Deploy.0 = Release|Any CPU
		{1BC43E97-2E8C-4265-B71C-F3AA3F310691}.Release|iPhone.ActiveCfg = Release|Any CPU
		{1BC43E97-2E8C-4265-B71C-F3AA3F310691}.Release|iPhone.Build.0 = Release|Any CPU
		{1BC43E97-2E8C-4265-B71C-F3AA3F310691}.Release|iPhone.Deploy.0 = Release|Any CPU
		{1BC43E97-2E8C-4265-B71C-F3AA3F310691}.Release|iPhoneSimulator.ActiveCfg = Release|Any CPU
		{1BC43E97-2E8C-4265-B71C-F3AA3F310691}.Release|iPhoneSimulator.Build.0 = Release|Any CPU
		{1BC43E97-2E8C-4265-B71C-F3AA3F310691}.Release|iPhoneSimulator.Deploy.0 = Release|Any CPU
		{1565C49D-D729-4B7C-B659-A97191D9E4C1}.Debug|Any CPU.ActiveCfg = Debug|iPhone
		{1565C49D-D729-4B7C-B659-A97191D9E4C1}.Debug|Any CPU.Build.0 = Debug|iPhone
		{1565C49D-D729-4B7C-B659-A97191D9E4C1}.Debug|Any CPU.Deploy.0 = Debug|iPhone
		{1565C49D-D729-4B7C-B659-A97191D9E4C1}.Debug|iPhone.ActiveCfg = Debug|iPhone
		{1565C49D-D729-4B7C-B659-A97191D9E4C1}.Debug|iPhone.Build.0 = Debug|iPhone
		{1565C49D-D729-4B7C-B659-A97191D9E4C1}.Debug|iPhone.Deploy.0 = Debug|iPhone
		{1565C49D-D729-4B7C-B659-A97191D9E4C1}.Debug|iPhoneSimulator.ActiveCfg = Debug|iPhoneSimulator
		{1565C49D-D729-4B7C-B659-A97191D9E4C1}.Debug|iPhoneSimulator.Build.0 = Debug|iPhoneSimulator
		{1565C49D-D729-4B7C-B659-A97191D9E4C1}.Debug|iPhoneSimulator.Deploy.0 = Debug|iPhoneSimulator
		{1565C49D-D729-4B7C-B659-A97191D9E4C1}.Release|Any CPU.ActiveCfg = Release|iPhoneSimulator
		{1565C49D-D729-4B7C-B659-A97191D9E4C1}.Release|Any CPU.Build.0 = Release|iPhoneSimulator
		{1565C49D-D729-4B7C-B659-A97191D9E4C1}.Release|Any CPU.Deploy.0 = Release|iPhoneSimulator
		{1565C49D-D729-4B7C-B659-A97191D9E4C1}.Release|iPhone.ActiveCfg = Release|iPhone
		{1565C49D-D729-4B7C-B659-A97191D9E4C1}.Release|iPhone.Build.0 = Release|iPhone
		{1565C49D-D729-4B7C-B659-A97191D9E4C1}.Release|iPhone.Deploy.0 = Release|iPhone
		{1565C49D-D729-4B7C-B659-A97191D9E4C1}.Release|iPhoneSimulator.ActiveCfg = Release|iPhoneSimulator
		{1565C49D-D729-4B7C-B659-A97191D9E4C1}.Release|iPhoneSimulator.Build.0 = Release|iPhoneSimulator
		{1565C49D-D729-4B7C-B659-A97191D9E4C1}.Release|iPhoneSimulator.Deploy.0 = Release|iPhoneSimulator
		{770D9660-3F70-40B8-8B2C-B6E546625A61}.Debug|Any CPU.ActiveCfg = Debug|Any CPU
		{770D9660-3F70-40B8-8B2C-B6E546625A61}.Debug|Any CPU.Build.0 = Debug|Any CPU
		{770D9660-3F70-40B8-8B2C-B6E546625A61}.Debug|Any CPU.Deploy.0 = Debug|Any CPU
		{770D9660-3F70-40B8-8B2C-B6E546625A61}.Debug|iPhone.ActiveCfg = Debug|Any CPU
		{770D9660-3F70-40B8-8B2C-B6E546625A61}.Debug|iPhone.Build.0 = Debug|Any CPU
		{770D9660-3F70-40B8-8B2C-B6E546625A61}.Debug|iPhone.Deploy.0 = Debug|Any CPU
		{770D9660-3F70-40B8-8B2C-B6E546625A61}.Debug|iPhoneSimulator.ActiveCfg = Debug|Any CPU
		{770D9660-3F70-40B8-8B2C-B6E546625A61}.Debug|iPhoneSimulator.Build.0 = Debug|Any CPU
		{770D9660-3F70-40B8-8B2C-B6E546625A61}.Debug|iPhoneSimulator.Deploy.0 = Debug|Any CPU
		{770D9660-3F70-40B8-8B2C-B6E546625A61}.Release|Any CPU.ActiveCfg = Release|Any CPU
		{770D9660-3F70-40B8-8B2C-B6E546625A61}.Release|Any CPU.Build.0 = Release|Any CPU
		{770D9660-3F70-40B8-8B2C-B6E546625A61}.Release|Any CPU.Deploy.0 = Release|Any CPU
		{770D9660-3F70-40B8-8B2C-B6E546625A61}.Release|iPhone.ActiveCfg = Release|Any CPU
		{770D9660-3F70-40B8-8B2C-B6E546625A61}.Release|iPhone.Build.0 = Release|Any CPU
		{770D9660-3F70-40B8-8B2C-B6E546625A61}.Release|iPhone.Deploy.0 = Release|Any CPU
		{770D9660-3F70-40B8-8B2C-B6E546625A61}.Release|iPhoneSimulator.ActiveCfg = Release|Any CPU
		{770D9660-3F70-40B8-8B2C-B6E546625A61}.Release|iPhoneSimulator.Build.0 = Release|Any CPU
		{770D9660-3F70-40B8-8B2C-B6E546625A61}.Release|iPhoneSimulator.Deploy.0 = Release|Any CPU
	EndGlobalSection
	GlobalSection(SolutionProperties) = preSolution
		HideSolutionNode = FALSE
	EndGlobalSection
	GlobalSection(ExtensibilityGlobals) = postSolution
		SolutionGuid = {F9CE744F-475F-4C82-BEC8-2232C5FD448B}
	EndGlobalSection
EndGlobal
